<?xml version="1.0" encoding="utf-8"?>
<Project ToolsVersion="4.0" xmlns="http://schemas.microsoft.com/developer/msbuild/2003">
  <ItemGroup>
    <Filter Include="Source Files">
      <UniqueIdentifier>{4FC737F1-C7A5-4376-A066-2A32D752A2FF}</UniqueIdentifier>
      <Extensions>qml;cpp;c;cc;cxx;def;odl;idl;hpj;bat;asm;asmx</Extensions>
    </Filter>
    <Filter Include="Resource Files">
      <UniqueIdentifier>{67DA6AB6-F800-4c08-8B7A-83BB121AAD01}</UniqueIdentifier>
      <Extensions>qrc;rc;ico;cur;bmp;dlg;rc2;rct;bin;rgs;gif;jpg;jpeg;jpe;resx;tiff;tif;png;wav;mfcribbon-ms</Extensions>
    </Filter>
    <Filter Include="Translation Files">
      <UniqueIdentifier>{639EADAA-A684-42e4-A9AD-28FC9BCB8F7C}</UniqueIdentifier>
      <Extensions>ts</Extensions>
    </Filter>
    <Filter Include="MainWindowWiew">
      <UniqueIdentifier>{3af7ff94-dc89-4513-b262-27eeac9fde07}</UniqueIdentifier>
    </Filter>
    <Filter Include="Engine">
      <UniqueIdentifier>{13f8d1b3-9352-4e9b-8025-bd566cc849f2}</UniqueIdentifier>
    </Filter>
    <Filter Include="ViewModel">
      <UniqueIdentifier>{29308329-de07-405c-94ab-636ed39b67ea}</UniqueIdentifier>
    </Filter>
    <Filter Include="Tools">
      <UniqueIdentifier>{61892b3f-5ef5-4a27-99e2-706bf69b4ba6}</UniqueIdentifier>
    </Filter>
    <Filter Include="FileBrowser">
      <UniqueIdentifier>{057a07f6-2fc5-4dae-b6ed-8afcbc2255e6}</UniqueIdentifier>
    </Filter>
    <Filter Include="TrackModel">
      <UniqueIdentifier>{65d07f7d-47c1-455a-94c4-71520dd340e3}</UniqueIdentifier>
    </Filter>
    <Filter Include="ClipModel">
      <UniqueIdentifier>{dd2c9099-2329-4693-84a2-6fbcd27bb969}</UniqueIdentifier>
    </Filter>
    <Filter Include="PluginModel">
      <UniqueIdentifier>{677296dc-badb-4f8e-b6d6-83748a599b09}</UniqueIdentifier>
    </Filter>
    <Filter Include="Piano">
      <UniqueIdentifier>{7468a2cd-40d4-43d7-a984-3ece89862fa7}</UniqueIdentifier>
    </Filter>
  </ItemGroup>
  <ItemGroup>
    <QtRcc Include="qml.qrc">
      <Filter>Resource Files</Filter>
    </QtRcc>
    <ClCompile Include="Engine\engine.cpp">
      <Filter>Engine</Filter>
    </ClCompile>
    <ClCompile Include="ViewModel\ViewModel.cpp">
      <Filter>ViewModel</Filter>
    </ClCompile>
    <ClCompile Include="TrackModel\TrackModel.cpp">
      <Filter>TrackModel</Filter>
    </ClCompile>
  </ItemGroup>
  <ItemGroup>
    <None Include="View\MainWindowView\MainWindow.qml">
      <Filter>MainWindowWiew</Filter>
    </None>
    <None Include="FileBrowser\Browser.qml">
      <Filter>FileBrowser</Filter>
    </None>
    <None Include="PianoView.qml">
      <Filter>Piano</Filter>
    </None>
  </ItemGroup>
  <ItemGroup>
    <ClInclude Include="Engine\engine.h">
      <Filter>Engine</Filter>
    </ClInclude>
    <ClInclude Include="Tools\log.h">
      <Filter>Tools</Filter>
    </ClInclude>
  </ItemGroup>
  <ItemGroup>
    <QtMoc Include="ViewModel\ViewModel.h">
      <Filter>ViewModel</Filter>
    </QtMoc>
    <QtMoc Include="TrackModel\TrackModel.h">
      <Filter>TrackModel</Filter>
    </QtMoc>
    <QtMoc Include="ClipModel\ClipModel.h">
      <Filter>ClipModel</Filter>
    </QtMoc>
    <QtMoc Include="PluginModel.h">
      <Filter>PluginModel</Filter>
    </QtMoc>
    <QtMoc Include="FileBrowser\FileBrowser.h" />
    <QtMoc Include="Piano\MidiMessageModel.h">
      <Filter>Piano</Filter>
    </QtMoc>
  </ItemGroup>
  <ItemGroup>
    <ClCompile Include="main.cpp" />
    <ClCompile Include="ClipModel\ClipModel.cpp">
      <Filter>ClipModel</Filter>
    </ClCompile>
    <ClCompile Include="PluginModel.cpp">
      <Filter>PluginModel</Filter>
    </ClCompile>
    <ClCompile Include="FileBrowser\FileBrowser.cpp">
      <Filter>Source Files</Filter>
    </ClCompile>
    <ClCompile Include="Piano\MidiMessageModel.cpp">
      <Filter>Piano</Filter>
    </ClCompile>
  </ItemGroup>
</Project>